
Microsoft Visual Studio Solution File, Format Version 12.00
Project("{FAE04EC0-301F-11D3-BF4B-00C04F79EFBC}") = "Lab5Draft", "Lab5Draft\Lab5Draft.csproj", "{6EAA9CF0-2820-4174-A038-E5821D9728D5}"
EndProject
Project("{FAE04EC0-301F-11D3-BF4B-00C04F79EFBC}") = "Solver", "Solver\Solver.csproj", "{C9F7AAAE-54F7-4479-ACE8-9019BC69131C}"
EndProject
Project("{FAE04EC0-301F-11D3-BF4B-00C04F79EFBC}") = "Gui", "Gui\Gui.csproj", "{4AD6845B-A81B-4EE7-B9B6-E469D03EF52A}"
EndProject
Global
	GlobalSection(SolutionConfigurationPlatforms) = preSolution
		Debug|Any CPU = Debug|Any CPU
		Release|Any CPU = Release|Any CPU
	EndGlobalSection
	GlobalSection(ProjectConfigurationPlatforms) = postSolution
		{6EAA9CF0-2820-4174-A038-E5821D9728D5}.Debug|Any CPU.ActiveCfg = Debug|Any CPU
		{6EAA9CF0-2820-4174-A038-E5821D9728D5}.Debug|Any CPU.Build.0 = Debug|Any CPU
		{6EAA9CF0-2820-4174-A038-E5821D9728D5}.Release|Any CPU.ActiveCfg = Release|Any CPU
		{6EAA9CF0-2820-4174-A038-E5821D9728D5}.Release|Any CPU.Build.0 = Release|Any CPU
		{C9F7AAAE-54F7-4479-ACE8-9019BC69131C}.Debug|Any CPU.ActiveCfg = Debug|Any CPU
		{C9F7AAAE-54F7-4479-ACE8-9019BC69131C}.Debug|Any CPU.Build.0 = Debug|Any CPU
		{C9F7AAAE-54F7-4479-ACE8-9019BC69131C}.Release|Any CPU.ActiveCfg = Release|Any CPU
		{C9F7AAAE-54F7-4479-ACE8-9019BC69131C}.Release|Any CPU.Build.0 = Release|Any CPU
		{4AD6845B-A81B-4EE7-B9B6-E469D03EF52A}.Debug|Any CPU.ActiveCfg = Debug|Any CPU
		{4AD6845B-A81B-4EE7-B9B6-E469D03EF52A}.Debug|Any CPU.Build.0 = Debug|Any CPU
		{4AD6845B-A81B-4EE7-B9B6-E469D03EF52A}.Release|Any CPU.ActiveCfg = Release|Any CPU
		{4AD6845B-A81B-4EE7-B9B6-E469D03EF52A}.Release|Any CPU.Build.0 = Release|Any CPU
	EndGlobalSection
EndGlobal
